fortio.org/assert v1.2.0 h1:XscfvR8yp4xW7OMCvNbCsieRFDxlwdEcb69+JZRp6LA=
fortio.org/assert v1.2.0/go.mod h1:039mG+/iYDPO8Ibx8TrNuJCm2T2SuhwRI3uL9nHTTls=
fortio.org/cli v1.5.0 h1:hKiXZ6jWzLHCVInrRm8F3BI3nyj0EpM5rAYFUp/d8gs=
fortio.org/cli v1.5.0/go.mod h1:Tp7AypudP1mJomTUN/J/vlOTlZDWTMsok09MMyA99ow=
fortio.org/dflag v1.7.0 h1:4Vpo5hMly0rx9VMuyBaDGFK1Mx2S3qjxx1iAIA3KBgU=
fortio.org/dflag v1.7.0/go.mod h1:FUxv/s3DXhCpy7GsuZa4FJWLR92gsYvG3ylkia8MbBM=
fortio.org/log v1.12.0 h1:5Yg4pL9Pp0jcWeJYixm2xikMCldVaSDMgDFDmQJZfho=
fortio.org/log v1.12.0/go.mod h1:1tMBG/Elr6YqjmJCWiejJp2FPvXg7/9UAN0Rfpkyt1o=
fortio.org/scli v1.13.0 h1:iVxjSx5ng827RvBfZQCtn6GGiPr71NcYkw80jQ2Pmik=
fortio.org/scli v1.13.0/go.mod h1:LSXkC8KIIvT8YhD1dgVKPgmzSrotT/nepPwyZ+I04p8=
fortio.org/sets v1.0.3 h1:HzewdGjH69YmyW06yzplL35lGr+X4OcqQt0qS6jbaO4=
fortio.org/sets v1.0.3/go.mod h1:QZVj0r6KP/ZD9ebySW9SgxVNy/NjghUfyHW9NN+WU+4=
fortio.org/struct2env v0.4.0 h1:k5alSOTf3YHiB3MuacjDHQ3YhVWvNZ95ZP/a6MqvyLo=
fortio.org/struct2env v0.4.0/go.mod h1:lENUe70UwA1zDUCX+8AsO663QCFqYaprk5lnPhjD410=
fortio.org/testscript v0.3.1 h1:MmRO64AsmzaU1KlYMzAbotJIMKRGxD1XXssJnBRiMGQ=
fortio.org/testscript v0.3.1/go.mod h1:7OJ+U4avooRNqc7p/VHKJadYgj9fA6+N0SbGU8FVWGs=
fortio.org/version v1.0.3 h1:5gJ3plj6isAOMq52cI5ifo4cC+QHmJF76Wevc5Cp4x0=
fortio.org/version v1.0.3/go.mod h1:2JQp9Ax+tm6QKiGuzR5nJY63kFeANcgrZ0osoQFDVm0=
github.com/fsnotify/fsnotify v1.7.0 h1:8JEhPFa5W2WU7YfeZzPNqzMP6Lwt7L2715Ggo0nosvA=
github.com/fsnotify/fsnotify v1.7.0/go.mod h1:40Bi/Hjc2AVfZrqy+aj+yEI+/bRxZnMJyTJwOpGvigM=
github.com/golang/protobuf v1.5.0/go.mod h1:FsONVRAS9T7sI+LIUmWTfcYkHO4aIWwzhcaSAoJOfIk=
github.com/golang/protobuf v1.5.3 h1:KhyjKVUg7Usr/dYsdSqoFveMYd5ko72D+zANwlG1mmg=
github.com/golang/protobuf v1.5.3/go.mod h1:XVQd3VNwM+JqD3oG2Ue2ip4fOMUkwXdXDdiuN0vRsmY=
github.com/google/go-cmp v0.5.5/go.mod h1:v8dTdLbMG2kIc/vJvl+f65V22dbkXbowE6jgT/gNBxE=
github.com/google/go-cmp v0.5.9 h1:O2Tfq5qg4qc4AmwVlvv0oLiVAGB7enBSJ2x2DqQFi38=
github.com/google/uuid v1.4.0 h1:MtMxsa51/r9yyhkyLsVeVt0B+BGQZzpQiTQ4eHZ8bc4=
github.com/google/uuid v1.4.0/go.mod h1:TIyPZe4MgqvfeYDBFedMoGGpEw/LqOeaOT+nhxU+yHo=
golang.org/x/exp v0.0.0-20231110203233-9a3e6036ecaa h1:FRnLl4eNAQl8hwxVVC17teOw8kdjVDVAiFMtgUdTSRQ=
golang.org/x/exp v0.0.0-20231110203233-9a3e6036ecaa/go.mod h1:zk2irFbV9DP96SEBUUAy67IdHUaZuSnrz1n472HUCLE=
golang.org/x/net v0.18.0 h1:mIYleuAkSbHh0tCv7RvjL3F6ZVbLjq4+R7zbOn3Kokg=
golang.org/x/net v0.18.0/go.mod h1:/czyP5RqHAH4odGYxBJ1qz0+CE5WZ+2j1YgoEo8F2jQ=
golang.org/x/sys v0.14.0 h1:Vz7Qs629MkJkGyHxUlRHizWJRG2j8fbQKjELVSNhy7Q=
golang.org/x/sys v0.14.0/go.mod h1:/VUhepiaJMQUp4+oa/7Zr1D23ma6VTLIYjOOTFZPUcA=
golang.org/x/text v0.14.0 h1:ScX5w1eTa3QqT8oi6+ziP7dTV1S2+ALU0bI+0zXKWiQ=
golang.org/x/text v0.14.0/go.mod h1:18ZOQIKpY8NJVqYksKHtTdi31H5itFRjB5/qKTNYzSU=
golang.org/x/tools v0.15.0 h1:zdAyfUGbYmuVokhzVmghFl2ZJh5QhcfebBgmVPFYA+8=
golang.org/x/tools v0.15.0/go.mod h1:hpksKq4dtpQWS1uQ61JkdqWM3LscIS6Slf+VVkm+wQk=
golang.org/x/xerrors v0.0.0-20191204190536-9bdfabe68543/go.mod h1:I/5z698sn9Ka8TeJc9MKroUUfqBBauWjQqLJ2OPfmY0=
google.golang.org/genproto/googleapis/rpc v0.0.0-20231120223509-83a465c0220f h1:ultW7fxlIvee4HYrtnaRPon9HpEgFk5zYpmfMgtKB5I=
google.golang.org/genproto/googleapis/rpc v0.0.0-20231120223509-83a465c0220f/go.mod h1:L9KNLi232K1/xB6f7AlSX692koaRnKaWSR0stBki0Yc=
google.golang.org/grpc v1.59.0 h1:Z5Iec2pjwb+LEOqzpB2MR12/eKFhDPhuqW91O+4bwUk=
google.golang.org/grpc v1.59.0/go.mod h1:aUPDwccQo6OTjy7Hct4AfBPD1GptF4fyUjIkQ9YtF98=
google.golang.org/protobuf v1.26.0-rc.1/go.mod h1:jlhhOSvTdKEhbULTjvd4ARK9grFBp09yW+WbY/TyQbw=
google.golang.org/protobuf v1.26.0/go.mod h1:9q0QmTI4eRPtz6boOQmLYwt+qCgq0jsYwAQnmE0givc=
google.golang.org/protobuf v1.31.0 h1:g0LDEJHgrBl9N9r17Ru3sqWhkIx2NB67okBHPwC7hs8=
google.golang.org/protobuf v1.31.0/go.mod h1:HV8QOd/L58Z+nl8r43ehVNZIU/HEI6OcFqwMG9pJV4I=
